
Microsoft Visual Studio Solution File, Format Version 12.00
# Visual Studio Version 17
VisualStudioVersion = 17.12.35527.113 d17.12
MinimumVisualStudioVersion = 10.0.40219.1
Project("{FAE04EC0-301F-11D3-BF4B-00C04F79EFBC}") = "CodeLifeAcademy.API", "CodeLifeAcademy.API\CodeLifeAcademy.API.csproj", "{CE6F4934-B4DB-4C69-9D52-742CF263A3E9}"
EndProject
Project("{FAE04EC0-301F-11D3-BF4B-00C04F79EFBC}") = "CodeLifeAcademy.Core", "CodeLifeAcademy.Core\CodeLifeAcademy.Core.csproj", "{C7D23DEA-12FC-4D2D-A20D-002CAABD073F}"
EndProject
Project("{FAE04EC0-301F-11D3-BF4B-00C04F79EFBC}") = "CodeLifeAcademy.Application", "CodeLifeAcademy.Application\CodeLifeAcademy.Application.csproj", "{3E800FA8-9049-42CB-A5CF-FD6868BD9B71}"
EndProject
Project("{FAE04EC0-301F-11D3-BF4B-00C04F79EFBC}") = "CodeLifeAcademy.Infrastructure", "CodeLifeAcademy.Infrastructure\CodeLifeAcademy.Infrastructure.csproj", "{C52CBED6-2CE9-4FA9-A01E-14B4FF23AF2F}"
EndProject
Project("{FAE04EC0-301F-11D3-BF4B-00C04F79EFBC}") = "CodeLifeAcademy.Client", "CodeLifeAcademy.Client\CodeLifeAcademy.Client.csproj", "{7CDCCC2B-3DBB-48A3-B24A-A282A74557F5}"
EndProject
Global
	GlobalSection(SolutionConfigurationPlatforms) = preSolution
		Debug|Any CPU = Debug|Any CPU
		Release|Any CPU = Release|Any CPU
	EndGlobalSection
	GlobalSection(ProjectConfigurationPlatforms) = postSolution
		{CE6F4934-B4DB-4C69-9D52-742CF263A3E9}.Debug|Any CPU.ActiveCfg = Debug|Any CPU
		{CE6F4934-B4DB-4C69-9D52-742CF263A3E9}.Debug|Any CPU.Build.0 = Debug|Any CPU
		{CE6F4934-B4DB-4C69-9D52-742CF263A3E9}.Release|Any CPU.ActiveCfg = Release|Any CPU
		{CE6F4934-B4DB-4C69-9D52-742CF263A3E9}.Release|Any CPU.Build.0 = Release|Any CPU
		{C7D23DEA-12FC-4D2D-A20D-002CAABD073F}.Debug|Any CPU.ActiveCfg = Debug|Any CPU
		{C7D23DEA-12FC-4D2D-A20D-002CAABD073F}.Debug|Any CPU.Build.0 = Debug|Any CPU
		{C7D23DEA-12FC-4D2D-A20D-002CAABD073F}.Release|Any CPU.ActiveCfg = Release|Any CPU
		{C7D23DEA-12FC-4D2D-A20D-002CAABD073F}.Release|Any CPU.Build.0 = Release|Any CPU
		{3E800FA8-9049-42CB-A5CF-FD6868BD9B71}.Debug|Any CPU.ActiveCfg = Debug|Any CPU
		{3E800FA8-9049-42CB-A5CF-FD6868BD9B71}.Debug|Any CPU.Build.0 = Debug|Any CPU
		{3E800FA8-9049-42CB-A5CF-FD6868BD9B71}.Release|Any CPU.ActiveCfg = Release|Any CPU
		{3E800FA8-9049-42CB-A5CF-FD6868BD9B71}.Release|Any CPU.Build.0 = Release|Any CPU
		{C52CBED6-2CE9-4FA9-A01E-14B4FF23AF2F}.Debug|Any CPU.ActiveCfg = Debug|Any CPU
		{C52CBED6-2CE9-4FA9-A01E-14B4FF23AF2F}.Debug|Any CPU.Build.0 = Debug|Any CPU
		{C52CBED6-2CE9-4FA9-A01E-14B4FF23AF2F}.Release|Any CPU.ActiveCfg = Release|Any CPU
		{C52CBED6-2CE9-4FA9-A01E-14B4FF23AF2F}.Release|Any CPU.Build.0 = Release|Any CPU
		{7CDCCC2B-3DBB-48A3-B24A-A282A74557F5}.Debug|Any CPU.ActiveCfg = Debug|Any CPU
		{7CDCCC2B-3DBB-48A3-B24A-A282A74557F5}.Debug|Any CPU.Build.0 = Debug|Any CPU
		{7CDCCC2B-3DBB-48A3-B24A-A282A74557F5}.Release|Any CPU.ActiveCfg = Release|Any CPU
		{7CDCCC2B-3DBB-48A3-B24A-A282A74557F5}.Release|Any CPU.Build.0 = Release|Any CPU
	EndGlobalSection
	GlobalSection(SolutionProperties) = preSolution
		HideSolutionNode = FALSE
	EndGlobalSection
EndGlobal
